
Microsoft Visual Studio Solution File, Format Version 12.00
# Visual Studio 2012
Project("{D954291E-2A0B-460D-934E-DC6B0785DB48}") = "Hollywood", "Hollywood.shproj", "{ABD4A0A0-4C73-443B-B324-2C9F041858AC}"
EndProject
Project("{FAE04EC0-301F-11D3-BF4B-00C04F79EFBC}") = "Hollywood.iOS", "iOS\Hollywood.iOS.csproj", "{7C2E72B6-59DB-4498-AD7A-58EA7061EBEC}"
EndProject
Project("{FAE04EC0-301F-11D3-BF4B-00C04F79EFBC}") = "Hollywood.Android", "Android\Hollywood.Android.csproj", "{26BA9944-C6A5-4291-8969-AB3EF55E71FA}"
EndProject
Global
	GlobalSection(SolutionConfigurationPlatforms) = preSolution
		Debug|iPhoneSimulator = Debug|iPhoneSimulator
		Release|iPhoneSimulator = Release|iPhoneSimulator
		Debug|iPhone = Debug|iPhone
		Release|iPhone = Release|iPhone
		Ad-Hoc|iPhone = Ad-Hoc|iPhone
		AppStore|iPhone = AppStore|iPhone
		Debug|Any CPU = Debug|Any CPU
		Release|Any CPU = Release|Any CPU
	EndGlobalSection
	GlobalSection(ProjectConfigurationPlatforms) = postSolution
		{26BA9944-C6A5-4291-8969-AB3EF55E71FA}.Ad-Hoc|iPhone.ActiveCfg = Release|Any CPU
		{26BA9944-C6A5-4291-8969-AB3EF55E71FA}.Ad-Hoc|iPhone.Build.0 = Release|Any CPU
		{26BA9944-C6A5-4291-8969-AB3EF55E71FA}.AppStore|iPhone.ActiveCfg = Release|Any CPU
		{26BA9944-C6A5-4291-8969-AB3EF55E71FA}.AppStore|iPhone.Build.0 = Release|Any CPU
		{26BA9944-C6A5-4291-8969-AB3EF55E71FA}.Debug|Any CPU.ActiveCfg = Debug|Any CPU
		{26BA9944-C6A5-4291-8969-AB3EF55E71FA}.Debug|Any CPU.Build.0 = Debug|Any CPU
		{26BA9944-C6A5-4291-8969-AB3EF55E71FA}.Debug|iPhone.ActiveCfg = Debug|Any CPU
		{26BA9944-C6A5-4291-8969-AB3EF55E71FA}.Debug|iPhone.Build.0 = Debug|Any CPU
		{26BA9944-C6A5-4291-8969-AB3EF55E71FA}.Debug|iPhoneSimulator.ActiveCfg = Debug|Any CPU
		{26BA9944-C6A5-4291-8969-AB3EF55E71FA}.Debug|iPhoneSimulator.Build.0 = Debug|Any CPU
		{26BA9944-C6A5-4291-8969-AB3EF55E71FA}.Release|Any CPU.ActiveCfg = Release|Any CPU
		{26BA9944-C6A5-4291-8969-AB3EF55E71FA}.Release|Any CPU.Build.0 = Release|Any CPU
		{26BA9944-C6A5-4291-8969-AB3EF55E71FA}.Release|iPhone.ActiveCfg = Release|Any CPU
		{26BA9944-C6A5-4291-8969-AB3EF55E71FA}.Release|iPhone.Build.0 = Release|Any CPU
		{26BA9944-C6A5-4291-8969-AB3EF55E71FA}.Release|iPhoneSimulator.ActiveCfg = Release|Any CPU
		{26BA9944-C6A5-4291-8969-AB3EF55E71FA}.Release|iPhoneSimulator.Build.0 = Release|Any CPU
		{7C2E72B6-59DB-4498-AD7A-58EA7061EBEC}.Ad-Hoc|iPhone.ActiveCfg = Ad-Hoc|iPhone
		{7C2E72B6-59DB-4498-AD7A-58EA7061EBEC}.Ad-Hoc|iPhone.Build.0 = Ad-Hoc|iPhone
		{7C2E72B6-59DB-4498-AD7A-58EA7061EBEC}.AppStore|iPhone.ActiveCfg = AppStore|iPhone
		{7C2E72B6-59DB-4498-AD7A-58EA7061EBEC}.AppStore|iPhone.Build.0 = AppStore|iPhone
		{7C2E72B6-59DB-4498-AD7A-58EA7061EBEC}.Debug|Any CPU.ActiveCfg = Debug|iPhoneSimulator
		{7C2E72B6-59DB-4498-AD7A-58EA7061EBEC}.Debug|Any CPU.Build.0 = Debug|iPhoneSimulator
		{7C2E72B6-59DB-4498-AD7A-58EA7061EBEC}.Debug|iPhone.ActiveCfg = Debug|iPhone
		{7C2E72B6-59DB-4498-AD7A-58EA7061EBEC}.Debug|iPhone.Build.0 = Debug|iPhone
		{7C2E72B6-59DB-4498-AD7A-58EA7061EBEC}.Debug|iPhoneSimulator.ActiveCfg = Debug|iPhoneSimulator
		{7C2E72B6-59DB-4498-AD7A-58EA7061EBEC}.Debug|iPhoneSimulator.Build.0 = Debug|iPhoneSimulator
		{7C2E72B6-59DB-4498-AD7A-58EA7061EBEC}.Release|Any CPU.ActiveCfg = Release|iPhoneSimulator
		{7C2E72B6-59DB-4498-AD7A-58EA7061EBEC}.Release|Any CPU.Build.0 = Release|iPhoneSimulator
		{7C2E72B6-59DB-4498-AD7A-58EA7061EBEC}.Release|iPhone.ActiveCfg = Release|iPhone
		{7C2E72B6-59DB-4498-AD7A-58EA7061EBEC}.Release|iPhone.Build.0 = Release|iPhone
		{7C2E72B6-59DB-4498-AD7A-58EA7061EBEC}.Release|iPhoneSimulator.ActiveCfg = Release|iPhoneSimulator
		{7C2E72B6-59DB-4498-AD7A-58EA7061EBEC}.Release|iPhoneSimulator.Build.0 = Release|iPhoneSimulator
	EndGlobalSection
	GlobalSection(MonoDevelopProperties) = preSolution
		StartupItem = Android\Hollywood.Android.csproj
	EndGlobalSection
EndGlobal
